
Microsoft Visual Studio Solution File, Format Version 12.00
# Visual Studio Version 17
VisualStudioVersion = 17.10.35122.118
MinimumVisualStudioVersion = 10.0.40219.1
Project("{9A19103F-16F7-4668-BE54-9A1E7A4F7556}") = "hello_world_api_ui", "hello_world_api_ui\hello_world_api_ui.csproj", "{57196F01-7524-4BD2-A38C-DB95CEFB6A53}"
EndProject
Project("{9A19103F-16F7-4668-BE54-9A1E7A4F7556}") = "hello_world_cli", "hello_world_cli\hello_world_cli.csproj", "{F9E545D6-2E16-4A8F-B4B6-96BE16EE9F20}"
EndProject
Project("{9A19103F-16F7-4668-BE54-9A1E7A4F7556}") = "HelloWebAPI", "HelloWebAPI\HelloWebAPI.csproj", "{6F4E61C8-ADAD-46B8-8EA5-351DAB058702}"
EndProject
Project("{FAE04EC0-301F-11D3-BF4B-00C04F79EFBC}") = "ProductApp", "ProductApp\ProductApp.csproj", "{76A45294-BE02-49BB-BEB9-853FEA19526F}"
EndProject
Global
	GlobalSection(SolutionConfigurationPlatforms) = preSolution
		Debug|Any CPU = Debug|Any CPU
		Release|Any CPU = Release|Any CPU
	EndGlobalSection
	GlobalSection(ProjectConfigurationPlatforms) = postSolution
		{57196F01-7524-4BD2-A38C-DB95CEFB6A53}.Debug|Any CPU.ActiveCfg = Debug|Any CPU
		{57196F01-7524-4BD2-A38C-DB95CEFB6A53}.Debug|Any CPU.Build.0 = Debug|Any CPU
		{57196F01-7524-4BD2-A38C-DB95CEFB6A53}.Release|Any CPU.ActiveCfg = Release|Any CPU
		{57196F01-7524-4BD2-A38C-DB95CEFB6A53}.Release|Any CPU.Build.0 = Release|Any CPU
		{F9E545D6-2E16-4A8F-B4B6-96BE16EE9F20}.Debug|Any CPU.ActiveCfg = Debug|Any CPU
		{F9E545D6-2E16-4A8F-B4B6-96BE16EE9F20}.Debug|Any CPU.Build.0 = Debug|Any CPU
		{F9E545D6-2E16-4A8F-B4B6-96BE16EE9F20}.Release|Any CPU.ActiveCfg = Release|Any CPU
		{F9E545D6-2E16-4A8F-B4B6-96BE16EE9F20}.Release|Any CPU.Build.0 = Release|Any CPU
		{6F4E61C8-ADAD-46B8-8EA5-351DAB058702}.Debug|Any CPU.ActiveCfg = Debug|Any CPU
		{6F4E61C8-ADAD-46B8-8EA5-351DAB058702}.Debug|Any CPU.Build.0 = Debug|Any CPU
		{6F4E61C8-ADAD-46B8-8EA5-351DAB058702}.Release|Any CPU.ActiveCfg = Release|Any CPU
		{6F4E61C8-ADAD-46B8-8EA5-351DAB058702}.Release|Any CPU.Build.0 = Release|Any CPU
		{76A45294-BE02-49BB-BEB9-853FEA19526F}.Debug|Any CPU.ActiveCfg = Debug|Any CPU
		{76A45294-BE02-49BB-BEB9-853FEA19526F}.Debug|Any CPU.Build.0 = Debug|Any CPU
		{76A45294-BE02-49BB-BEB9-853FEA19526F}.Release|Any CPU.ActiveCfg = Release|Any CPU
		{76A45294-BE02-49BB-BEB9-853FEA19526F}.Release|Any CPU.Build.0 = Release|Any CPU
	EndGlobalSection
	GlobalSection(SolutionProperties) = preSolution
		HideSolutionNode = FALSE
	EndGlobalSection
	GlobalSection(ExtensibilityGlobals) = postSolution
		SolutionGuid = {97E48EE9-E08E-4CC4-B730-FA60D34B7183}
	EndGlobalSection
EndGlobal
